
Microsoft Visual Studio Solution File, Format Version 12.00
# Visual Studio 2012
Project("{FAE04EC0-301F-11D3-BF4B-00C04F79EFBC}") = "OA.Model", "OA.Model\OA.Model.csproj", "{BB701F4F-65BF-4F70-A2C1-BB37031C0D30}"
EndProject
Project("{FAE04EC0-301F-11D3-BF4B-00C04F79EFBC}") = "OA.EFDAL", "OA.EFDAL\OA.EFDAL.csproj", "{D363DDEA-5D9C-4153-837D-A08A63B2B468}"
EndProject
Project("{FAE04EC0-301F-11D3-BF4B-00C04F79EFBC}") = "OA.BLL", "OA.BLL\OA.BLL.csproj", "{8C33CF33-D957-435F-83FA-064666F9F378}"
EndProject
Project("{FAE04EC0-301F-11D3-BF4B-00C04F79EFBC}") = "OA.Commom", "OA.Commom\OA.Commom.csproj", "{E75E3BD9-8D96-4579-9589-AE4BDC257E1A}"
EndProject
Project("{FAE04EC0-301F-11D3-BF4B-00C04F79EFBC}") = "OA.UIPortal", "OA.UIPortal\OA.UIPortal.csproj", "{19A2150B-29D7-4080-9E87-64074B581A47}"
EndProject
Project("{FAE04EC0-301F-11D3-BF4B-00C04F79EFBC}") = "OA.IDAL", "OA.IDAL\OA.IDAL.csproj", "{134979B0-7CC6-4BEE-B7AB-E945AFC3A319}"
EndProject
Project("{FAE04EC0-301F-11D3-BF4B-00C04F79EFBC}") = "OA.DALFactory", "OA.DALFactory\OA.DALFactory.csproj", "{C4D83684-CC80-42A1-B94C-8B7D6E05A073}"
EndProject
Project("{2150E333-8FDC-42A3-9474-1A3956D46DE8}") = "BLL", "BLL", "{5A1F8D45-438B-41D0-A824-E51FBBCD7FE7}"
EndProject
Project("{2150E333-8FDC-42A3-9474-1A3956D46DE8}") = "DAL", "DAL", "{1E7F347C-C85F-4BAC-B6B0-4359F5BB3E92}"
EndProject
Project("{2150E333-8FDC-42A3-9474-1A3956D46DE8}") = "Model", "Model", "{ADAFBB4F-A08F-4546-AF63-CD981D7983A4}"
EndProject
Project("{2150E333-8FDC-42A3-9474-1A3956D46DE8}") = "Commom", "Commom", "{D2BBC55A-86E1-47B0-961B-EDBB63356F48}"
EndProject
Project("{2150E333-8FDC-42A3-9474-1A3956D46DE8}") = "UI", "UI", "{1B80D275-16EE-42F5-9BEF-49CB2BFB2F97}"
EndProject
Project("{FAE04EC0-301F-11D3-BF4B-00C04F79EFBC}") = "OA.IBLL", "OA.IBLL\OA.IBLL.csproj", "{2D1CA412-2D18-4CF4-83BD-0CA59394054B}"
EndProject
Project("{2150E333-8FDC-42A3-9474-1A3956D46DE8}") = "Demo", "Demo", "{90683718-D458-43D5-BFE4-10146ED31CB8}"
EndProject
Project("{FAE04EC0-301F-11D3-BF4B-00C04F79EFBC}") = "SprigDemo", "SprigDemo\SprigDemo.csproj", "{908ED501-A0C3-46A0-9D7B-6A61FD093E58}"
EndProject
Project("{FAE04EC0-301F-11D3-BF4B-00C04F79EFBC}") = "RedisDemo", "RedisDemo\RedisDemo.csproj", "{407B97DA-C56B-4DC2-B780-C87D5FB4BE49}"
EndProject
Global
	GlobalSection(SolutionConfigurationPlatforms) = preSolution
		Debug|Any CPU = Debug|Any CPU
		Release|Any CPU = Release|Any CPU
	EndGlobalSection
	GlobalSection(ProjectConfigurationPlatforms) = postSolution
		{BB701F4F-65BF-4F70-A2C1-BB37031C0D30}.Debug|Any CPU.ActiveCfg = Debug|Any CPU
		{BB701F4F-65BF-4F70-A2C1-BB37031C0D30}.Debug|Any CPU.Build.0 = Debug|Any CPU
		{BB701F4F-65BF-4F70-A2C1-BB37031C0D30}.Release|Any CPU.ActiveCfg = Release|Any CPU
		{BB701F4F-65BF-4F70-A2C1-BB37031C0D30}.Release|Any CPU.Build.0 = Release|Any CPU
		{D363DDEA-5D9C-4153-837D-A08A63B2B468}.Debug|Any CPU.ActiveCfg = Debug|Any CPU
		{D363DDEA-5D9C-4153-837D-A08A63B2B468}.Debug|Any CPU.Build.0 = Debug|Any CPU
		{D363DDEA-5D9C-4153-837D-A08A63B2B468}.Release|Any CPU.ActiveCfg = Release|Any CPU
		{D363DDEA-5D9C-4153-837D-A08A63B2B468}.Release|Any CPU.Build.0 = Release|Any CPU
		{8C33CF33-D957-435F-83FA-064666F9F378}.Debug|Any CPU.ActiveCfg = Debug|Any CPU
		{8C33CF33-D957-435F-83FA-064666F9F378}.Debug|Any CPU.Build.0 = Debug|Any CPU
		{8C33CF33-D957-435F-83FA-064666F9F378}.Release|Any CPU.ActiveCfg = Release|Any CPU
		{8C33CF33-D957-435F-83FA-064666F9F378}.Release|Any CPU.Build.0 = Release|Any CPU
		{E75E3BD9-8D96-4579-9589-AE4BDC257E1A}.Debug|Any CPU.ActiveCfg = Debug|Any CPU
		{E75E3BD9-8D96-4579-9589-AE4BDC257E1A}.Debug|Any CPU.Build.0 = Debug|Any CPU
		{E75E3BD9-8D96-4579-9589-AE4BDC257E1A}.Release|Any CPU.ActiveCfg = Release|Any CPU
		{E75E3BD9-8D96-4579-9589-AE4BDC257E1A}.Release|Any CPU.Build.0 = Release|Any CPU
		{19A2150B-29D7-4080-9E87-64074B581A47}.Debug|Any CPU.ActiveCfg = Debug|Any CPU
		{19A2150B-29D7-4080-9E87-64074B581A47}.Debug|Any CPU.Build.0 = Debug|Any CPU
		{19A2150B-29D7-4080-9E87-64074B581A47}.Release|Any CPU.ActiveCfg = Release|Any CPU
		{19A2150B-29D7-4080-9E87-64074B581A47}.Release|Any CPU.Build.0 = Release|Any CPU
		{134979B0-7CC6-4BEE-B7AB-E945AFC3A319}.Debug|Any CPU.ActiveCfg = Debug|Any CPU
		{134979B0-7CC6-4BEE-B7AB-E945AFC3A319}.Debug|Any CPU.Build.0 = Debug|Any CPU
		{134979B0-7CC6-4BEE-B7AB-E945AFC3A319}.Release|Any CPU.ActiveCfg = Release|Any CPU
		{134979B0-7CC6-4BEE-B7AB-E945AFC3A319}.Release|Any CPU.Build.0 = Release|Any CPU
		{C4D83684-CC80-42A1-B94C-8B7D6E05A073}.Debug|Any CPU.ActiveCfg = Debug|Any CPU
		{C4D83684-CC80-42A1-B94C-8B7D6E05A073}.Debug|Any CPU.Build.0 = Debug|Any CPU
		{C4D83684-CC80-42A1-B94C-8B7D6E05A073}.Release|Any CPU.ActiveCfg = Release|Any CPU
		{C4D83684-CC80-42A1-B94C-8B7D6E05A073}.Release|Any CPU.Build.0 = Release|Any CPU
		{2D1CA412-2D18-4CF4-83BD-0CA59394054B}.Debug|Any CPU.ActiveCfg = Debug|Any CPU
		{2D1CA412-2D18-4CF4-83BD-0CA59394054B}.Debug|Any CPU.Build.0 = Debug|Any CPU
		{2D1CA412-2D18-4CF4-83BD-0CA59394054B}.Release|Any CPU.ActiveCfg = Release|Any CPU
		{2D1CA412-2D18-4CF4-83BD-0CA59394054B}.Release|Any CPU.Build.0 = Release|Any CPU
		{908ED501-A0C3-46A0-9D7B-6A61FD093E58}.Debug|Any CPU.ActiveCfg = Debug|Any CPU
		{908ED501-A0C3-46A0-9D7B-6A61FD093E58}.Debug|Any CPU.Build.0 = Debug|Any CPU
		{908ED501-A0C3-46A0-9D7B-6A61FD093E58}.Release|Any CPU.ActiveCfg = Release|Any CPU
		{908ED501-A0C3-46A0-9D7B-6A61FD093E58}.Release|Any CPU.Build.0 = Release|Any CPU
		{407B97DA-C56B-4DC2-B780-C87D5FB4BE49}.Debug|Any CPU.ActiveCfg = Debug|Any CPU
		{407B97DA-C56B-4DC2-B780-C87D5FB4BE49}.Debug|Any CPU.Build.0 = Debug|Any CPU
		{407B97DA-C56B-4DC2-B780-C87D5FB4BE49}.Release|Any CPU.ActiveCfg = Release|Any CPU
		{407B97DA-C56B-4DC2-B780-C87D5FB4BE49}.Release|Any CPU.Build.0 = Release|Any CPU
	EndGlobalSection
	GlobalSection(SolutionProperties) = preSolution
		HideSolutionNode = FALSE
	EndGlobalSection
	GlobalSection(NestedProjects) = preSolution
		{BB701F4F-65BF-4F70-A2C1-BB37031C0D30} = {ADAFBB4F-A08F-4546-AF63-CD981D7983A4}
		{134979B0-7CC6-4BEE-B7AB-E945AFC3A319} = {1E7F347C-C85F-4BAC-B6B0-4359F5BB3E92}
		{C4D83684-CC80-42A1-B94C-8B7D6E05A073} = {1E7F347C-C85F-4BAC-B6B0-4359F5BB3E92}
		{D363DDEA-5D9C-4153-837D-A08A63B2B468} = {1E7F347C-C85F-4BAC-B6B0-4359F5BB3E92}
		{8C33CF33-D957-435F-83FA-064666F9F378} = {5A1F8D45-438B-41D0-A824-E51FBBCD7FE7}
		{2D1CA412-2D18-4CF4-83BD-0CA59394054B} = {5A1F8D45-438B-41D0-A824-E51FBBCD7FE7}
		{E75E3BD9-8D96-4579-9589-AE4BDC257E1A} = {D2BBC55A-86E1-47B0-961B-EDBB63356F48}
		{19A2150B-29D7-4080-9E87-64074B581A47} = {1B80D275-16EE-42F5-9BEF-49CB2BFB2F97}
		{908ED501-A0C3-46A0-9D7B-6A61FD093E58} = {90683718-D458-43D5-BFE4-10146ED31CB8}
		{407B97DA-C56B-4DC2-B780-C87D5FB4BE49} = {90683718-D458-43D5-BFE4-10146ED31CB8}
	EndGlobalSection
EndGlobal
